// !$*UTF8*$!
{
	archiveVersion = 1;
	classes = {
	};
	objectVersion = 51;
	objects = {

/* Begin PBXBuildFile section */
		07FD54FFFEDE099764BDAB32 /* Pods_image_classifier_appTests.framework in Frameworks */ = {isa = PBXBuildFile; fileRef = 89BCDE6CC6A9BE8032216E5F /* Pods_image_classifier_appTests.framework */; };
		894811D478311D8E2A7A79F1 /* Pods_image_classifier_app.framework in Frameworks */ = {isa = PBXBuildFile; fileRef = 53C98C79B9649257751C942D /* Pods_image_classifier_app.framework */; };
		ED0E5D7723770C4E00E34B64 /* CategoryRepositories.swift in Sources */ = {isa = PBXBuildFile; fileRef = ED0E5D7623770C4E00E34B64 /* CategoryRepositories.swift */; };
		ED0E5D792377160500E34B64 /* StringToUrlExtention.swift in Sources */ = {isa = PBXBuildFile; fileRef = ED0E5D782377160500E34B64 /* StringToUrlExtention.swift */; };
		ED0E5D7B2377358700E34B64 /* NotificationName.swift in Sources */ = {isa = PBXBuildFile; fileRef = ED0E5D7A2377358700E34B64 /* NotificationName.swift */; };
		ED1193082372ED330030B582 /* CategoryViewController.swift in Sources */ = {isa = PBXBuildFile; fileRef = ED1193072372ED330030B582 /* CategoryViewController.swift */; };
		ED1A98DF235391D500AC5701 /* OperationPresenter.swift in Sources */ = {isa = PBXBuildFile; fileRef = ED1A98DE235391D500AC5701 /* OperationPresenter.swift */; };
		ED25B3F123718855001CA699 /* UIImageViewExtension.swift in Sources */ = {isa = PBXBuildFile; fileRef = ED25B3F023718855001CA699 /* UIImageViewExtension.swift */; };
		ED2A330523668760004BF90E /* RealmAccessor.swift in Sources */ = {isa = PBXBuildFile; fileRef = ED2A330423668760004BF90E /* RealmAccessor.swift */; };
		ED2A33072366EC7E004BF90E /* Contracts.swift in Sources */ = {isa = PBXBuildFile; fileRef = ED2A33062366EC7E004BF90E /* Contracts.swift */; };
		ED4D70BA236AA23A007F3A3C /* InceptionResnet.swift in Sources */ = {isa = PBXBuildFile; fileRef = ED4D70B9236AA23A007F3A3C /* InceptionResnet.swift */; };
		ED5E9DCD237BF951004708F9 /* ImageViewController.swift in Sources */ = {isa = PBXBuildFile; fileRef = ED5E9DCC237BF951004708F9 /* ImageViewController.swift */; };
		ED5E9DCF237BFDD6004708F9 /* ImageViewController.storyboard in Resources */ = {isa = PBXBuildFile; fileRef = ED5E9DCE237BFDD6004708F9 /* ImageViewController.storyboard */; };
		ED69985C23686B7C0032453A /* Result.swift in Sources */ = {isa = PBXBuildFile; fileRef = ED69985B23686B7C0032453A /* Result.swift */; };
		ED69985E23686C980032453A /* ClientError.swift in Sources */ = {isa = PBXBuildFile; fileRef = ED69985D23686C980032453A /* ClientError.swift */; };
		ED69986223687ADE0032453A /* FilePathes.swift in Sources */ = {isa = PBXBuildFile; fileRef = ED69986123687ADE0032453A /* FilePathes.swift */; };
		ED6FB90F238271D200BDD446 /* SortActionTag.swift in Sources */ = {isa = PBXBuildFile; fileRef = ED6FB90E238271D200BDD446 /* SortActionTag.swift */; };
		ED91412523787126003BE725 /* CategoryAttributes.swift in Sources */ = {isa = PBXBuildFile; fileRef = ED91412423787126003BE725 /* CategoryAttributes.swift */; };
		ED91661A2376A67400FFA053 /* InCategoryViewController.swift in Sources */ = {isa = PBXBuildFile; fileRef = ED9166192376A67400FFA053 /* InCategoryViewController.swift */; };
		EDC47080235389F700E7CE91 /* Similality.swift in Sources */ = {isa = PBXBuildFile; fileRef = EDC4707F235389F700E7CE91 /* Similality.swift */; };
		EDD15E58238BC92D002686CB /* DebugComponent.swift in Sources */ = {isa = PBXBuildFile; fileRef = EDD15E57238BC92D002686CB /* DebugComponent.swift */; };
		EDD6DBFC23617B8B00CF3744 /* ApiAccessors.swift in Sources */ = {isa = PBXBuildFile; fileRef = EDD6DBFB23617B8B00CF3744 /* ApiAccessors.swift */; };
		EDD6DC0123617DC200CF3744 /* FileAccessor.swift in Sources */ = {isa = PBXBuildFile; fileRef = EDD6DC0023617DC200CF3744 /* FileAccessor.swift */; };
		EDD6DC0C23619FF400CF3744 /* SceneClassifierRepositories.swift in Sources */ = {isa = PBXBuildFile; fileRef = EDD6DC0B23619FF400CF3744 /* SceneClassifierRepositories.swift */; };
		EDD6DC0E2361A3C000CF3744 /* SceneClassifier.swift in Sources */ = {isa = PBXBuildFile; fileRef = EDD6DC0D2361A3C000CF3744 /* SceneClassifier.swift */; };
		EDD6DC102361AF1100CF3744 /* SimilalityRepositories.swift in Sources */ = {isa = PBXBuildFile; fileRef = EDD6DC0F2361AF1100CF3744 /* SimilalityRepositories.swift */; };
		EDD6DC142361B2CD00CF3744 /* JsonPayload.swift in Sources */ = {isa = PBXBuildFile; fileRef = EDD6DC132361B2CD00CF3744 /* JsonPayload.swift */; };
		EDF17E2C237117FB00CA77C9 /* PredictionRepositories.swift in Sources */ = {isa = PBXBuildFile; fileRef = EDF17E2B237117FB00CA77C9 /* PredictionRepositories.swift */; };
		EDF17E2E23711BEE00CA77C9 /* PredictionResults.swift in Sources */ = {isa = PBXBuildFile; fileRef = EDF17E2D23711BEE00CA77C9 /* PredictionResults.swift */; };
		EDF17E30237153C600CA77C9 /* RealmModel.swift in Sources */ = {isa = PBXBuildFile; fileRef = EDF17E2F237153C600CA77C9 /* RealmModel.swift */; };
		EDF17E332371690E00CA77C9 /* ImageCollectionViewItem.swift in Sources */ = {isa = PBXBuildFile; fileRef = EDF17E312371690E00CA77C9 /* ImageCollectionViewItem.swift */; };
		EDF17E342371690E00CA77C9 /* ImageCollectionViewItem.xib in Resources */ = {isa = PBXBuildFile; fileRef = EDF17E322371690E00CA77C9 /* ImageCollectionViewItem.xib */; };
		EDF56A88233F710F00A1019F /* AppDelegate.swift in Sources */ = {isa = PBXBuildFile; fileRef = EDF56A87233F710F00A1019F /* AppDelegate.swift */; };
		EDF56A8A233F710F00A1019F /* OperationViewController.swift in Sources */ = {isa = PBXBuildFile; fileRef = EDF56A89233F710F00A1019F /* OperationViewController.swift */; };
		EDF56A8C233F711200A1019F /* Assets.xcassets in Resources */ = {isa = PBXBuildFile; fileRef = EDF56A8B233F711200A1019F /* Assets.xcassets */; };
		EDF56A8F233F711200A1019F /* Main.storyboard in Resources */ = {isa = PBXBuildFile; fileRef = EDF56A8D233F711200A1019F /* Main.storyboard */; };
		EDF56A9B233F711200A1019F /* image_classifier_appTests.swift in Sources */ = {isa = PBXBuildFile; fileRef = EDF56A9A233F711200A1019F /* image_classifier_appTests.swift */; };
		EDF56AA9233F7A7B00A1019F /* EndPoints.swift in Sources */ = {isa = PBXBuildFile; fileRef = EDF56AA8233F7A7B00A1019F /* EndPoints.swift */; };
		EDF56AAB233F7B6100A1019F /* ApiPayload.swift in Sources */ = {isa = PBXBuildFile; fileRef = EDF56AAA233F7B6100A1019F /* ApiPayload.swift */; };
		EDF56AAD233F815000A1019F /* APIConfig.plist in Resources */ = {isa = PBXBuildFile; fileRef = EDF56AAC233F815000A1019F /* APIConfig.plist */; };
		EDF56AB42342F12000A1019F /* OperationInteractor.swift in Sources */ = {isa = PBXBuildFile; fileRef = EDF56AB32342F12000A1019F /* OperationInteractor.swift */; };
/* End PBXBuildFile section */

/* Begin PBXContainerItemProxy section */
		EDF56A97233F711200A1019F /* PBXContainerItemProxy */ = {
			isa = PBXContainerItemProxy;
			containerPortal = EDF56A7C233F710F00A1019F /* Project object */;
			proxyType = 1;
			remoteGlobalIDString = EDF56A83233F710F00A1019F;
			remoteInfo = "image-classifier-app";
		};
/* End PBXContainerItemProxy section */

/* Begin PBXFileReference section */
		2D141216921C775762248985 /* Pods-image-classifier-appTests.release.xcconfig */ = {isa = PBXFileReference; includeInIndex = 1; lastKnownFileType = text.xcconfig; name = "Pods-image-classifier-appTests.release.xcconfig"; path = "Target Support Files/Pods-image-classifier-appTests/Pods-image-classifier-appTests.release.xcconfig"; sourceTree = "<group>"; };
		53C98C79B9649257751C942D /* Pods_image_classifier_app.framework */ = {isa = PBXFileReference; explicitFileType = wrapper.framework; includeInIndex = 0; path = Pods_image_classifier_app.framework; sourceTree = BUILT_PRODUCTS_DIR; };
		89BCDE6CC6A9BE8032216E5F /* Pods_image_classifier_appTests.framework */ = {isa = PBXFileReference; explicitFileType = wrapper.framework; includeInIndex = 0; path = Pods_image_classifier_appTests.framework; sourceTree = BUILT_PRODUCTS_DIR; };
		AD6D020DE27899BD7B2F7879 /* Pods-image-classifier-appTests.debug.xcconfig */ = {isa = PBXFileReference; includeInIndex = 1; lastKnownFileType = text.xcconfig; name = "Pods-image-classifier-appTests.debug.xcconfig"; path = "Target Support Files/Pods-image-classifier-appTests/Pods-image-classifier-appTests.debug.xcconfig"; sourceTree = "<group>"; };
		CC1A393018D53D7E56C2F1E9 /* Pods-image-classifier-app.release.xcconfig */ = {isa = PBXFileReference; includeInIndex = 1; lastKnownFileType = text.xcconfig; name = "Pods-image-classifier-app.release.xcconfig"; path = "Target Support Files/Pods-image-classifier-app/Pods-image-classifier-app.release.xcconfig"; sourceTree = "<group>"; };
		E49677C670C73ACF287DB91C /* Pods-image-classifier-app.debug.xcconfig */ = {isa = PBXFileReference; includeInIndex = 1; lastKnownFileType = text.xcconfig; name = "Pods-image-classifier-app.debug.xcconfig"; path = "Target Support Files/Pods-image-classifier-app/Pods-image-classifier-app.debug.xcconfig"; sourceTree = "<group>"; };
		ED0E5D7623770C4E00E34B64 /* CategoryRepositories.swift */ = {isa = PBXFileReference; lastKnownFileType = sourcecode.swift; path = CategoryRepositories.swift; sourceTree = "<group>"; };
		ED0E5D782377160500E34B64 /* StringToUrlExtention.swift */ = {isa = PBXFileReference; lastKnownFileType = sourcecode.swift; path = StringToUrlExtention.swift; sourceTree = "<group>"; };
		ED0E5D7A2377358700E34B64 /* NotificationName.swift */ = {isa = PBXFileReference; lastKnownFileType = sourcecode.swift; path = NotificationName.swift; sourceTree = "<group>"; };
		ED1193072372ED330030B582 /* CategoryViewController.swift */ = {isa = PBXFileReference; lastKnownFileType = sourcecode.swift; path = CategoryViewController.swift; sourceTree = "<group>"; };
		ED1A98DE235391D500AC5701 /* OperationPresenter.swift */ = {isa = PBXFileReference; fileEncoding = 4; lastKnownFileType = sourcecode.swift; path = OperationPresenter.swift; sourceTree = "<group>"; };
		ED25B3F023718855001CA699 /* UIImageViewExtension.swift */ = {isa = PBXFileReference; lastKnownFileType = sourcecode.swift; path = UIImageViewExtension.swift; sourceTree = "<group>"; };
		ED2A330423668760004BF90E /* RealmAccessor.swift */ = {isa = PBXFileReference; lastKnownFileType = sourcecode.swift; path = RealmAccessor.swift; sourceTree = "<group>"; };
		ED2A33062366EC7E004BF90E /* Contracts.swift */ = {isa = PBXFileReference; lastKnownFileType = sourcecode.swift; path = Contracts.swift; sourceTree = "<group>"; };
		ED4D70B9236AA23A007F3A3C /* InceptionResnet.swift */ = {isa = PBXFileReference; lastKnownFileType = sourcecode.swift; path = InceptionResnet.swift; sourceTree = "<group>"; };
		ED5E9DCC237BF951004708F9 /* ImageViewController.swift */ = {isa = PBXFileReference; lastKnownFileType = sourcecode.swift; path = ImageViewController.swift; sourceTree = "<group>"; };
		ED5E9DCE237BFDD6004708F9 /* ImageViewController.storyboard */ = {isa = PBXFileReference; lastKnownFileType = file.storyboard; path = ImageViewController.storyboard; sourceTree = "<group>"; };
		ED69985B23686B7C0032453A /* Result.swift */ = {isa = PBXFileReference; lastKnownFileType = sourcecode.swift; path = Result.swift; sourceTree = "<group>"; };
		ED69985D23686C980032453A /* ClientError.swift */ = {isa = PBXFileReference; lastKnownFileType = sourcecode.swift; path = ClientError.swift; sourceTree = "<group>"; };
		ED69986123687ADE0032453A /* FilePathes.swift */ = {isa = PBXFileReference; lastKnownFileType = sourcecode.swift; path = FilePathes.swift; sourceTree = "<group>"; };
		ED6FB90E238271D200BDD446 /* SortActionTag.swift */ = {isa = PBXFileReference; lastKnownFileType = sourcecode.swift; path = SortActionTag.swift; sourceTree = "<group>"; };
		ED91412423787126003BE725 /* CategoryAttributes.swift */ = {isa = PBXFileReference; lastKnownFileType = sourcecode.swift; path = CategoryAttributes.swift; sourceTree = "<group>"; };
		ED9166192376A67400FFA053 /* InCategoryViewController.swift */ = {isa = PBXFileReference; lastKnownFileType = sourcecode.swift; path = InCategoryViewController.swift; sourceTree = "<group>"; };
		EDC4707F235389F700E7CE91 /* Similality.swift */ = {isa = PBXFileReference; lastKnownFileType = sourcecode.swift; path = Similality.swift; sourceTree = "<group>"; };
		EDD15E57238BC92D002686CB /* DebugComponent.swift */ = {isa = PBXFileReference; lastKnownFileType = sourcecode.swift; path = DebugComponent.swift; sourceTree = "<group>"; };
		EDD6DBFB23617B8B00CF3744 /* ApiAccessors.swift */ = {isa = PBXFileReference; lastKnownFileType = sourcecode.swift; path = ApiAccessors.swift; sourceTree = "<group>"; };
		EDD6DC0023617DC200CF3744 /* FileAccessor.swift */ = {isa = PBXFileReference; lastKnownFileType = sourcecode.swift; path = FileAccessor.swift; sourceTree = "<group>"; };
		EDD6DC0B23619FF400CF3744 /* SceneClassifierRepositories.swift */ = {isa = PBXFileReference; lastKnownFileType = sourcecode.swift; path = SceneClassifierRepositories.swift; sourceTree = "<group>"; };
		EDD6DC0D2361A3C000CF3744 /* SceneClassifier.swift */ = {isa = PBXFileReference; lastKnownFileType = sourcecode.swift; path = SceneClassifier.swift; sourceTree = "<group>"; };
		EDD6DC0F2361AF1100CF3744 /* SimilalityRepositories.swift */ = {isa = PBXFileReference; lastKnownFileType = sourcecode.swift; path = SimilalityRepositories.swift; sourceTree = "<group>"; };
		EDD6DC132361B2CD00CF3744 /* JsonPayload.swift */ = {isa = PBXFileReference; lastKnownFileType = sourcecode.swift; path = JsonPayload.swift; sourceTree = "<group>"; };
		EDF17E2B237117FB00CA77C9 /* PredictionRepositories.swift */ = {isa = PBXFileReference; lastKnownFileType = sourcecode.swift; path = PredictionRepositories.swift; sourceTree = "<group>"; };
		EDF17E2D23711BEE00CA77C9 /* PredictionResults.swift */ = {isa = PBXFileReference; lastKnownFileType = sourcecode.swift; path = PredictionResults.swift; sourceTree = "<group>"; };
		EDF17E2F237153C600CA77C9 /* RealmModel.swift */ = {isa = PBXFileReference; lastKnownFileType = sourcecode.swift; path = RealmModel.swift; sourceTree = "<group>"; };
		EDF17E312371690E00CA77C9 /* ImageCollectionViewItem.swift */ = {isa = PBXFileReference; lastKnownFileType = sourcecode.swift; path = ImageCollectionViewItem.swift; sourceTree = "<group>"; };
		EDF17E322371690E00CA77C9 /* ImageCollectionViewItem.xib */ = {isa = PBXFileReference; lastKnownFileType = file.xib; path = ImageCollectionViewItem.xib; sourceTree = "<group>"; };
		EDF56A84233F710F00A1019F /* image-classifier-app.app */ = {isa = PBXFileReference; explicitFileType = wrapper.application; includeInIndex = 0; path = "image-classifier-app.app"; sourceTree = BUILT_PRODUCTS_DIR; };
		EDF56A87233F710F00A1019F /* AppDelegate.swift */ = {isa = PBXFileReference; lastKnownFileType = sourcecode.swift; path = AppDelegate.swift; sourceTree = "<group>"; };
		EDF56A89233F710F00A1019F /* OperationViewController.swift */ = {isa = PBXFileReference; lastKnownFileType = sourcecode.swift; path = OperationViewController.swift; sourceTree = "<group>"; };
		EDF56A8B233F711200A1019F /* Assets.xcassets */ = {isa = PBXFileReference; lastKnownFileType = folder.assetcatalog; path = Assets.xcassets; sourceTree = "<group>"; };
		EDF56A8E233F711200A1019F /* Base */ = {isa = PBXFileReference; lastKnownFileType = file.storyboard; name = Base; path = Base.lproj/Main.storyboard; sourceTree = "<group>"; };
		EDF56A90233F711200A1019F /* Info.plist */ = {isa = PBXFileReference; lastKnownFileType = text.plist.xml; path = Info.plist; sourceTree = "<group>"; };
		EDF56A91233F711200A1019F /* image_classifier_app.entitlements */ = {isa = PBXFileReference; lastKnownFileType = text.plist.entitlements; path = image_classifier_app.entitlements; sourceTree = "<group>"; };
		EDF56A96233F711200A1019F /* image-classifier-appTests.xctest */ = {isa = PBXFileReference; explicitFileType = wrapper.cfbundle; includeInIndex = 0; path = "image-classifier-appTests.xctest"; sourceTree = BUILT_PRODUCTS_DIR; };
		EDF56A9A233F711200A1019F /* image_classifier_appTests.swift */ = {isa = PBXFileReference; lastKnownFileType = sourcecode.swift; path = image_classifier_appTests.swift; sourceTree = "<group>"; };
		EDF56A9C233F711200A1019F /* Info.plist */ = {isa = PBXFileReference; lastKnownFileType = text.plist.xml; path = Info.plist; sourceTree = "<group>"; };
		EDF56AA8233F7A7B00A1019F /* EndPoints.swift */ = {isa = PBXFileReference; lastKnownFileType = sourcecode.swift; path = EndPoints.swift; sourceTree = "<group>"; };
		EDF56AAA233F7B6100A1019F /* ApiPayload.swift */ = {isa = PBXFileReference; lastKnownFileType = sourcecode.swift; path = ApiPayload.swift; sourceTree = "<group>"; };
		EDF56AAC233F815000A1019F /* APIConfig.plist */ = {isa = PBXFileReference; lastKnownFileType = text.plist.xml; path = APIConfig.plist; sourceTree = "<group>"; };
		EDF56AB32342F12000A1019F /* OperationInteractor.swift */ = {isa = PBXFileReference; lastKnownFileType = sourcecode.swift; path = OperationInteractor.swift; sourceTree = "<group>"; };
/* End PBXFileReference section */

/* Begin PBXFrameworksBuildPhase section */
		EDF56A81233F710F00A1019F /* Frameworks */ = {
			isa = PBXFrameworksBuildPhase;
			buildActionMask = 2147483647;
			files = (
				894811D478311D8E2A7A79F1 /* Pods_image_classifier_app.framework in Frameworks */,
			);
			runOnlyForDeploymentPostprocessing = 0;
		};
		EDF56A93233F711200A1019F /* Frameworks */ = {
			isa = PBXFrameworksBuildPhase;
			buildActionMask = 2147483647;
			files = (
				07FD54FFFEDE099764BDAB32 /* Pods_image_classifier_appTests.framework in Frameworks */,
			);
			runOnlyForDeploymentPostprocessing = 0;
		};
/* End PBXFrameworksBuildPhase section */

/* Begin PBXGroup section */
		0EA3B85B0AD1542943A768D5 /* Pods */ = {
			isa = PBXGroup;
			children = (
				E49677C670C73ACF287DB91C /* Pods-image-classifier-app.debug.xcconfig */,
				CC1A393018D53D7E56C2F1E9 /* Pods-image-classifier-app.release.xcconfig */,
				AD6D020DE27899BD7B2F7879 /* Pods-image-classifier-appTests.debug.xcconfig */,
				2D141216921C775762248985 /* Pods-image-classifier-appTests.release.xcconfig */,
			);
			path = Pods;
			sourceTree = "<group>";
		};
		72F1F1A1308C1D390BB85765 /* Frameworks */ = {
			isa = PBXGroup;
			children = (
				53C98C79B9649257751C942D /* Pods_image_classifier_app.framework */,
				89BCDE6CC6A9BE8032216E5F /* Pods_image_classifier_appTests.framework */,
			);
			name = Frameworks;
			sourceTree = "<group>";
		};
		ED1193042372EC610030B582 /* CategoryCollection */ = {
			isa = PBXGroup;
			children = (
				ED1193072372ED330030B582 /* CategoryViewController.swift */,
			);
			path = CategoryCollection;
			sourceTree = "<group>";
		};
		ED1193092372ED610030B582 /* Common */ = {
			isa = PBXGroup;
			children = (
				ED5E9DD0237C0224004708F9 /* ImageViewController */,
				EDF17E352371691300CA77C9 /* CollectionViewItem */,
			);
			path = Common;
			sourceTree = "<group>";
		};
		ED5E9DD0237C0224004708F9 /* ImageViewController */ = {
			isa = PBXGroup;
			children = (
				ED5E9DCC237BF951004708F9 /* ImageViewController.swift */,
				ED5E9DCE237BFDD6004708F9 /* ImageViewController.storyboard */,
			);
			path = ImageViewController;
			sourceTree = "<group>";
		};
		ED9166182376A3CE00FFA053 /* InCategoryCollection */ = {
			isa = PBXGroup;
			children = (
				ED9166192376A67400FFA053 /* InCategoryViewController.swift */,
			);
			path = InCategoryCollection;
			sourceTree = "<group>";
		};
		EDD6DBF823616BB100CF3744 /* Entities */ = {
			isa = PBXGroup;
			children = (
				EDD6DC0D2361A3C000CF3744 /* SceneClassifier.swift */,
				ED4D70B9236AA23A007F3A3C /* InceptionResnet.swift */,
				EDF17E2D23711BEE00CA77C9 /* PredictionResults.swift */,
				ED91412423787126003BE725 /* CategoryAttributes.swift */,
				EDC4707F235389F700E7CE91 /* Similality.swift */,
				ED69986123687ADE0032453A /* FilePathes.swift */,
				EDF17E2F237153C600CA77C9 /* RealmModel.swift */,
				ED6FB90E238271D200BDD446 /* SortActionTag.swift */,
			);
			path = Entities;
			sourceTree = "<group>";
		};
		EDD6DBFD23617CE100CF3744 /* Repositories */ = {
			isa = PBXGroup;
			children = (
				EDD6DC0B23619FF400CF3744 /* SceneClassifierRepositories.swift */,
				EDD6DC0F2361AF1100CF3744 /* SimilalityRepositories.swift */,
				EDF17E2B237117FB00CA77C9 /* PredictionRepositories.swift */,
				ED0E5D7623770C4E00E34B64 /* CategoryRepositories.swift */,
			);
			path = Repositories;
			sourceTree = "<group>";
		};
		EDD6DBFE23617D0400CF3744 /* Modules */ = {
			isa = PBXGroup;
			children = (
				EDF56A8D233F711200A1019F /* Main.storyboard */,
				EDD6DBFF23617D2E00CF3744 /* Operation */,
				ED1193042372EC610030B582 /* CategoryCollection */,
				ED9166182376A3CE00FFA053 /* InCategoryCollection */,
				ED1193092372ED610030B582 /* Common */,
			);
			path = Modules;
			sourceTree = "<group>";
		};
		EDD6DBFF23617D2E00CF3744 /* Operation */ = {
			isa = PBXGroup;
			children = (
				ED2A33062366EC7E004BF90E /* Contracts.swift */,
				EDF56A89233F710F00A1019F /* OperationViewController.swift */,
				ED1A98DE235391D500AC5701 /* OperationPresenter.swift */,
				EDF56AB32342F12000A1019F /* OperationInteractor.swift */,
				ED2A330423668760004BF90E /* RealmAccessor.swift */,
			);
			path = Operation;
			sourceTree = "<group>";
		};
		EDD6DC04236191AC00CF3744 /* Libs */ = {
			isa = PBXGroup;
			children = (
				ED25B3F023718855001CA699 /* UIImageViewExtension.swift */,
				ED0E5D782377160500E34B64 /* StringToUrlExtention.swift */,
				ED0E5D7A2377358700E34B64 /* NotificationName.swift */,
				EDD15E57238BC92D002686CB /* DebugComponent.swift */,
			);
			path = Libs;
			sourceTree = "<group>";
		};
		EDF17E352371691300CA77C9 /* CollectionViewItem */ = {
			isa = PBXGroup;
			children = (
				EDF17E312371690E00CA77C9 /* ImageCollectionViewItem.swift */,
				EDF17E322371690E00CA77C9 /* ImageCollectionViewItem.xib */,
			);
			path = CollectionViewItem;
			sourceTree = "<group>";
		};
		EDF56A7B233F710F00A1019F = {
			isa = PBXGroup;
			children = (
				EDF56A86233F710F00A1019F /* image-classifier-app */,
				EDF56A99233F711200A1019F /* image-classifier-appTests */,
				EDF56A85233F710F00A1019F /* Products */,
				0EA3B85B0AD1542943A768D5 /* Pods */,
				72F1F1A1308C1D390BB85765 /* Frameworks */,
			);
			sourceTree = "<group>";
		};
		EDF56A85233F710F00A1019F /* Products */ = {
			isa = PBXGroup;
			children = (
				EDF56A84233F710F00A1019F /* image-classifier-app.app */,
				EDF56A96233F711200A1019F /* image-classifier-appTests.xctest */,
			);
			name = Products;
			sourceTree = "<group>";
		};
		EDF56A86233F710F00A1019F /* image-classifier-app */ = {
			isa = PBXGroup;
			children = (
				EDD6DBFE23617D0400CF3744 /* Modules */,
				EDD6DBFD23617CE100CF3744 /* Repositories */,
				EDD6DBF823616BB100CF3744 /* Entities */,
				EDF56AA6233F72A700A1019F /* Service */,
				EDD6DC04236191AC00CF3744 /* Libs */,
				EDF56A87233F710F00A1019F /* AppDelegate.swift */,
				EDF56A8B233F711200A1019F /* Assets.xcassets */,
				EDF56A90233F711200A1019F /* Info.plist */,
				EDF56AAC233F815000A1019F /* APIConfig.plist */,
				EDF56A91233F711200A1019F /* image_classifier_app.entitlements */,
			);
			path = "image-classifier-app";
			sourceTree = "<group>";
		};
		EDF56A99233F711200A1019F /* image-classifier-appTests */ = {
			isa = PBXGroup;
			children = (
				EDF56A9A233F711200A1019F /* image_classifier_appTests.swift */,
				EDF56A9C233F711200A1019F /* Info.plist */,
			);
			path = "image-classifier-appTests";
			sourceTree = "<group>";
		};
		EDF56AA6233F72A700A1019F /* Service */ = {
			isa = PBXGroup;
			children = (
				EDF56AA7233F72B700A1019F /* Api */,
				EDD6DC0023617DC200CF3744 /* FileAccessor.swift */,
			);
			path = Service;
			sourceTree = "<group>";
		};
		EDF56AA7233F72B700A1019F /* Api */ = {
			isa = PBXGroup;
			children = (
				EDF56AA8233F7A7B00A1019F /* EndPoints.swift */,
				EDF56AAA233F7B6100A1019F /* ApiPayload.swift */,
				EDD6DBFB23617B8B00CF3744 /* ApiAccessors.swift */,
				EDD6DC132361B2CD00CF3744 /* JsonPayload.swift */,
				ED69985B23686B7C0032453A /* Result.swift */,
				ED69985D23686C980032453A /* ClientError.swift */,
			);
			path = Api;
			sourceTree = "<group>";
		};
/* End PBXGroup section */

/* Begin PBXNativeTarget section */
		EDF56A83233F710F00A1019F /* image-classifier-app */ = {
			isa = PBXNativeTarget;
			buildConfigurationList = EDF56A9F233F711200A1019F /* Build configuration list for PBXNativeTarget "image-classifier-app" */;
			buildPhases = (
				3D970AD38C6DD01BDC177E2E /* [CP] Check Pods Manifest.lock */,
				EDF56A80233F710F00A1019F /* Sources */,
				EDF56A81233F710F00A1019F /* Frameworks */,
				EDF56A82233F710F00A1019F /* Resources */,
				A2347695B8A9EDCA04754D30 /* [CP] Embed Pods Frameworks */,
			);
			buildRules = (
			);
			dependencies = (
			);
			name = "image-classifier-app";
			productName = "image-classifier-app";
			productReference = EDF56A84233F710F00A1019F /* image-classifier-app.app */;
			productType = "com.apple.product-type.application";
		};
		EDF56A95233F711200A1019F /* image-classifier-appTests */ = {
			isa = PBXNativeTarget;
			buildConfigurationList = EDF56AA2233F711200A1019F /* Build configuration list for PBXNativeTarget "image-classifier-appTests" */;
			buildPhases = (
				0A879C553D32ACEBD7732C42 /* [CP] Check Pods Manifest.lock */,
				EDF56A92233F711200A1019F /* Sources */,
				EDF56A93233F711200A1019F /* Frameworks */,
				EDF56A94233F711200A1019F /* Resources */,
			);
			buildRules = (
			);
			dependencies = (
				EDF56A98233F711200A1019F /* PBXTargetDependency */,
			);
			name = "image-classifier-appTests";
			productName = "image-classifier-appTests";
			productReference = EDF56A96233F711200A1019F /* image-classifier-appTests.xctest */;
			productType = "com.apple.product-type.bundle.unit-test";
		};
/* End PBXNativeTarget section */

/* Begin PBXProject section */
		EDF56A7C233F710F00A1019F /* Project object */ = {
			isa = PBXProject;
			attributes = {
				LastSwiftUpdateCheck = 1100;
				LastUpgradeCheck = 1100;
				ORGANIZATIONNAME = example;
				TargetAttributes = {
					EDF56A83233F710F00A1019F = {
						CreatedOnToolsVersion = 11.0;
					};
					EDF56A95233F711200A1019F = {
						CreatedOnToolsVersion = 11.0;
						TestTargetID = EDF56A83233F710F00A1019F;
					};
				};
			};
			buildConfigurationList = EDF56A7F233F710F00A1019F /* Build configuration list for PBXProject "image-classifier-app" */;
			compatibilityVersion = "Xcode 9.3";
			developmentRegion = en;
			hasScannedForEncodings = 0;
			knownRegions = (
				en,
				Base,
			);
			mainGroup = EDF56A7B233F710F00A1019F;
			productRefGroup = EDF56A85233F710F00A1019F /* Products */;
			projectDirPath = "";
			projectRoot = "";
			targets = (
				EDF56A83233F710F00A1019F /* image-classifier-app */,
				EDF56A95233F711200A1019F /* image-classifier-appTests */,
			);
		};
/* End PBXProject section */

/* Begin PBXResourcesBuildPhase section */
		EDF56A82233F710F00A1019F /* Resources */ = {
			isa = PBXResourcesBuildPhase;
			buildActionMask = 2147483647;
			files = (
				ED5E9DCF237BFDD6004708F9 /* ImageViewController.storyboard in Resources */,
				EDF56A8C233F711200A1019F /* Assets.xcassets in Resources */,
				EDF17E342371690E00CA77C9 /* ImageCollectionViewItem.xib in Resources */,
				EDF56A8F233F711200A1019F /* Main.storyboard in Resources */,
				EDF56AAD233F815000A1019F /* APIConfig.plist in Resources */,
			);
			runOnlyForDeploymentPostprocessing = 0;
		};
		EDF56A94233F711200A1019F /* Resources */ = {
			isa = PBXResourcesBuildPhase;
			buildActionMask = 2147483647;
			files = (
			);
			runOnlyForDeploymentPostprocessing = 0;
		};
/* End PBXResourcesBuildPhase section */

/* Begin PBXShellScriptBuildPhase section */
		0A879C553D32ACEBD7732C42 /* [CP] Check Pods Manifest.lock */ = {
			isa = PBXShellScriptBuildPhase;
			buildActionMask = 2147483647;
			files = (
			);
			inputFileListPaths = (
			);
			inputPaths = (
				"${PODS_PODFILE_DIR_PATH}/Podfile.lock",
				"${PODS_ROOT}/Manifest.lock",
			);
			name = "[CP] Check Pods Manifest.lock";
			outputFileListPaths = (
			);
			outputPaths = (
				"$(DERIVED_FILE_DIR)/Pods-image-classifier-appTests-checkManifestLockResult.txt",
			);
			runOnlyForDeploymentPostprocessing = 0;
			shellPath = /bin/sh;
			shellScript = "diff \"${PODS_PODFILE_DIR_PATH}/Podfile.lock\" \"${PODS_ROOT}/Manifest.lock\" > /dev/null\nif [ $? != 0 ] ; then\n    # print error to STDERR\n    echo \"error: The sandbox is not in sync with the Podfile.lock. Run 'pod install' or update your CocoaPods installation.\" >&2\n    exit 1\nfi\n# This output is used by Xcode 'outputs' to avoid re-running this script phase.\necho \"SUCCESS\" > \"${SCRIPT_OUTPUT_FILE_0}\"\n";
			showEnvVarsInLog = 0;
		};
		3D970AD38C6DD01BDC177E2E /* [CP] Check Pods Manifest.lock */ = {
			isa = PBXShellScriptBuildPhase;
			buildActionMask = 2147483647;
			files = (
			);
			inputFileListPaths = (
			);
			inputPaths = (
				"${PODS_PODFILE_DIR_PATH}/Podfile.lock",
				"${PODS_ROOT}/Manifest.lock",
			);
			name = "[CP] Check Pods Manifest.lock";
			outputFileListPaths = (
			);
			outputPaths = (
				"$(DERIVED_FILE_DIR)/Pods-image-classifier-app-checkManifestLockResult.txt",
			);
			runOnlyForDeploymentPostprocessing = 0;
			shellPath = /bin/sh;
			shellScript = "diff \"${PODS_PODFILE_DIR_PATH}/Podfile.lock\" \"${PODS_ROOT}/Manifest.lock\" > /dev/null\nif [ $? != 0 ] ; then\n    # print error to STDERR\n    echo \"error: The sandbox is not in sync with the Podfile.lock. Run 'pod install' or update your CocoaPods installation.\" >&2\n    exit 1\nfi\n# This output is used by Xcode 'outputs' to avoid re-running this script phase.\necho \"SUCCESS\" > \"${SCRIPT_OUTPUT_FILE_0}\"\n";
			showEnvVarsInLog = 0;
		};
		A2347695B8A9EDCA04754D30 /* [CP] Embed Pods Frameworks */ = {
			isa = PBXShellScriptBuildPhase;
			buildActionMask = 2147483647;
			files = (
			);
			inputFileListPaths = (
				"${PODS_ROOT}/Target Support Files/Pods-image-classifier-app/Pods-image-classifier-app-frameworks-${CONFIGURATION}-input-files.xcfilelist",
			);
			name = "[CP] Embed Pods Frameworks";
			outputFileListPaths = (
				"${PODS_ROOT}/Target Support Files/Pods-image-classifier-app/Pods-image-classifier-app-frameworks-${CONFIGURATION}-output-files.xcfilelist",
			);
			runOnlyForDeploymentPostprocessing = 0;
			shellPath = /bin/sh;
			shellScript = "\"${PODS_ROOT}/Target Support Files/Pods-image-classifier-app/Pods-image-classifier-app-frameworks.sh\"\n";
			showEnvVarsInLog = 0;
		};
/* End PBXShellScriptBuildPhase section */

/* Begin PBXSourcesBuildPhase section */
		EDF56A80233F710F00A1019F /* Sources */ = {
			isa = PBXSourcesBuildPhase;
			buildActionMask = 2147483647;
			files = (
				EDF56AAB233F7B6100A1019F /* ApiPayload.swift in Sources */,
				EDD6DC0C23619FF400CF3744 /* SceneClassifierRepositories.swift in Sources */,
				ED0E5D7B2377358700E34B64 /* NotificationName.swift in Sources */,
				EDD6DBFC23617B8B00CF3744 /* ApiAccessors.swift in Sources */,
				EDF17E30237153C600CA77C9 /* RealmModel.swift in Sources */,
				EDD6DC102361AF1100CF3744 /* SimilalityRepositories.swift in Sources */,
				EDD6DC0E2361A3C000CF3744 /* SceneClassifier.swift in Sources */,
				ED1A98DF235391D500AC5701 /* OperationPresenter.swift in Sources */,
				ED91661A2376A67400FFA053 /* InCategoryViewController.swift in Sources */,
				ED69986223687ADE0032453A /* FilePathes.swift in Sources */,
				ED91412523787126003BE725 /* CategoryAttributes.swift in Sources */,
				ED69985C23686B7C0032453A /* Result.swift in Sources */,
				EDF17E2C237117FB00CA77C9 /* PredictionRepositories.swift in Sources */,
				EDD6DC0123617DC200CF3744 /* FileAccessor.swift in Sources */,
				EDD6DC142361B2CD00CF3744 /* JsonPayload.swift in Sources */,
				EDF17E2E23711BEE00CA77C9 /* PredictionResults.swift in Sources */,
				ED2A330523668760004BF90E /* RealmAccessor.swift in Sources */,
				ED5E9DCD237BF951004708F9 /* ImageViewController.swift in Sources */,
				ED25B3F123718855001CA699 /* UIImageViewExtension.swift in Sources */,
				ED0E5D792377160500E34B64 /* StringToUrlExtention.swift in Sources */,
				EDF56A8A233F710F00A1019F /* OperationViewController.swift in Sources */,
				ED1193082372ED330030B582 /* CategoryViewController.swift in Sources */,
				ED0E5D7723770C4E00E34B64 /* CategoryRepositories.swift in Sources */,
				ED2A33072366EC7E004BF90E /* Contracts.swift in Sources */,
				ED4D70BA236AA23A007F3A3C /* InceptionResnet.swift in Sources */,
				EDF56AB42342F12000A1019F /* OperationInteractor.swift in Sources */,
				ED6FB90F238271D200BDD446 /* SortActionTag.swift in Sources */,
				ED69985E23686C980032453A /* ClientError.swift in Sources */,
				EDD15E58238BC92D002686CB /* DebugComponent.swift in Sources */,
				EDF17E332371690E00CA77C9 /* ImageCollectionViewItem.swift in Sources */,
				EDC47080235389F700E7CE91 /* Similality.swift in Sources */,
				EDF56AA9233F7A7B00A1019F /* EndPoints.swift in Sources */,
				EDF56A88233F710F00A1019F /* AppDelegate.swift in Sources */,
			);
			runOnlyForDeploymentPostprocessing = 0;
		};
		EDF56A92233F711200A1019F /* Sources */ = {
			isa = PBXSourcesBuildPhase;
			buildActionMask = 2147483647;
			files = (
				EDF56A9B233F711200A1019F /* image_classifier_appTests.swift in Sources */,
			);
			runOnlyForDeploymentPostprocessing = 0;
		};
/* End PBXSourcesBuildPhase section */

/* Begin PBXTargetDependency section */
		EDF56A98233F711200A1019F /* PBXTargetDependency */ = {
			isa = PBXTargetDependency;
			target = EDF56A83233F710F00A1019F /* image-classifier-app */;
			targetProxy = EDF56A97233F711200A1019F /* PBXContainerItemProxy */;
		};
/* End PBXTargetDependency section */

/* Begin PBXVariantGroup section */
		EDF56A8D233F711200A1019F /* Main.storyboard */ = {
			isa = PBXVariantGroup;
			children = (
				EDF56A8E233F711200A1019F /* Base */,
			);
			name = Main.storyboard;
			sourceTree = "<group>";
		};
/* End PBXVariantGroup section */

/* Begin XCBuildConfiguration section */
		EDF56A9D233F711200A1019F /* Debug */ = {
			isa = XCBuildConfiguration;
			buildSettings = {
				ALWAYS_SEARCH_USER_PATHS = NO;
				CLANG_ANALYZER_NONNULL = YES;
				CLANG_ANALYZER_NUMBER_OBJECT_CONVERSION = YES_AGGRESSIVE;
				CLANG_CXX_LANGUAGE_STANDARD = "gnu++14";
				CLANG_CXX_LIBRARY = "libc++";
				CLANG_ENABLE_MODULES = YES;
				CLANG_ENABLE_OBJC_ARC = YES;
				CLANG_ENABLE_OBJC_WEAK = YES;
				CLANG_WARN_BLOCK_CAPTURE_AUTORELEASING = YES;
				CLANG_WARN_BOOL_CONVERSION = YES;
				CLANG_WARN_COMMA = YES;
				CLANG_WARN_CONSTANT_CONVERSION = YES;
				CLANG_WARN_DEPRECATED_OBJC_IMPLEMENTATIONS = YES;
				CLANG_WARN_DIRECT_OBJC_ISA_USAGE = YES_ERROR;
				CLANG_WARN_DOCUMENTATION_COMMENTS = YES;
				CLANG_WARN_EMPTY_BODY = YES;
				CLANG_WARN_ENUM_CONVERSION = YES;
				CLANG_WARN_INFINITE_RECURSION = YES;
				CLANG_WARN_INT_CONVERSION = YES;
				CLANG_WARN_NON_LITERAL_NULL_CONVERSION = YES;
				CLANG_WARN_OBJC_IMPLICIT_RETAIN_SELF = YES;
				CLANG_WARN_OBJC_LITERAL_CONVERSION = YES;
				CLANG_WARN_OBJC_ROOT_CLASS = YES_ERROR;
				CLANG_WARN_RANGE_LOOP_ANALYSIS = YES;
				CLANG_WARN_STRICT_PROTOTYPES = YES;
				CLANG_WARN_SUSPICIOUS_MOVE = YES;
				CLANG_WARN_UNGUARDED_AVAILABILITY = YES_AGGRESSIVE;
				CLANG_WARN_UNREACHABLE_CODE = YES;
				CLANG_WARN__DUPLICATE_METHOD_MATCH = YES;
				COPY_PHASE_STRIP = NO;
				DEBUG_INFORMATION_FORMAT = dwarf;
				ENABLE_STRICT_OBJC_MSGSEND = YES;
				ENABLE_TESTABILITY = YES;
				GCC_C_LANGUAGE_STANDARD = gnu11;
				GCC_DYNAMIC_NO_PIC = NO;
				GCC_NO_COMMON_BLOCKS = YES;
				GCC_OPTIMIZATION_LEVEL = 0;
				GCC_PREPROCESSOR_DEFINITIONS = (
					"DEBUG=1",
					"$(inherited)",
				);
				GCC_WARN_64_TO_32_BIT_CONVERSION = YES;
				GCC_WARN_ABOUT_RETURN_TYPE = YES_ERROR;
				GCC_WARN_UNDECLARED_SELECTOR = YES;
				GCC_WARN_UNINITIALIZED_AUTOS = YES_AGGRESSIVE;
				GCC_WARN_UNUSED_FUNCTION = YES;
				GCC_WARN_UNUSED_VARIABLE = YES;
				MACOSX_DEPLOYMENT_TARGET = 10.14;
				MTL_ENABLE_DEBUG_INFO = INCLUDE_SOURCE;
				MTL_FAST_MATH = YES;
				ONLY_ACTIVE_ARCH = YES;
				SDKROOT = macosx;
				SWIFT_ACTIVE_COMPILATION_CONDITIONS = DEBUG;
				SWIFT_OPTIMIZATION_LEVEL = "-Onone";
			};
			name = Debug;
		};
		EDF56A9E233F711200A1019F /* Release */ = {
			isa = XCBuildConfiguration;
			buildSettings = {
				ALWAYS_SEARCH_USER_PATHS = NO;
				CLANG_ANALYZER_NONNULL = YES;
				CLANG_ANALYZER_NUMBER_OBJECT_CONVERSION = YES_AGGRESSIVE;
				CLANG_CXX_LANGUAGE_STANDARD = "gnu++14";
				CLANG_CXX_LIBRARY = "libc++";
				CLANG_ENABLE_MODULES = YES;
				CLANG_ENABLE_OBJC_ARC = YES;
				CLANG_ENABLE_OBJC_WEAK = YES;
				CLANG_WARN_BLOCK_CAPTURE_AUTORELEASING = YES;
				CLANG_WARN_BOOL_CONVERSION = YES;
				CLANG_WARN_COMMA = YES;
				CLANG_WARN_CONSTANT_CONVERSION = YES;
				CLANG_WARN_DEPRECATED_OBJC_IMPLEMENTATIONS = YES;
				CLANG_WARN_DIRECT_OBJC_ISA_USAGE = YES_ERROR;
				CLANG_WARN_DOCUMENTATION_COMMENTS = YES;
				CLANG_WARN_EMPTY_BODY = YES;
				CLANG_WARN_ENUM_CONVERSION = YES;
				CLANG_WARN_INFINITE_RECURSION = YES;
				CLANG_WARN_INT_CONVERSION = YES;
				CLANG_WARN_NON_LITERAL_NULL_CONVERSION = YES;
				CLANG_WARN_OBJC_IMPLICIT_RETAIN_SELF = YES;
				CLANG_WARN_OBJC_LITERAL_CONVERSION = YES;
				CLANG_WARN_OBJC_ROOT_CLASS = YES_ERROR;
				CLANG_WARN_RANGE_LOOP_ANALYSIS = YES;
				CLANG_WARN_STRICT_PROTOTYPES = YES;
				CLANG_WARN_SUSPICIOUS_MOVE = YES;
				CLANG_WARN_UNGUARDED_AVAILABILITY = YES_AGGRESSIVE;
				CLANG_WARN_UNREACHABLE_CODE = YES;
				CLANG_WARN__DUPLICATE_METHOD_MATCH = YES;
				COPY_PHASE_STRIP = NO;
				DEBUG_INFORMATION_FORMAT = "dwarf-with-dsym";
				ENABLE_NS_ASSERTIONS = NO;
				ENABLE_STRICT_OBJC_MSGSEND = YES;
				GCC_C_LANGUAGE_STANDARD = gnu11;
				GCC_NO_COMMON_BLOCKS = YES;
				GCC_WARN_64_TO_32_BIT_CONVERSION = YES;
				GCC_WARN_ABOUT_RETURN_TYPE = YES_ERROR;
				GCC_WARN_UNDECLARED_SELECTOR = YES;
				GCC_WARN_UNINITIALIZED_AUTOS = YES_AGGRESSIVE;
				GCC_WARN_UNUSED_FUNCTION = YES;
				GCC_WARN_UNUSED_VARIABLE = YES;
				MACOSX_DEPLOYMENT_TARGET = 10.14;
				MTL_ENABLE_DEBUG_INFO = NO;
				MTL_FAST_MATH = YES;
				SDKROOT = macosx;
				SWIFT_COMPILATION_MODE = wholemodule;
				SWIFT_OPTIMIZATION_LEVEL = "-O";
			};
			name = Release;
		};
		EDF56AA0233F711200A1019F /* Debug */ = {
			isa = XCBuildConfiguration;
			baseConfigurationReference = E49677C670C73ACF287DB91C /* Pods-image-classifier-app.debug.xcconfig */;
			buildSettings = {
				ASSETCATALOG_COMPILER_APPICON_NAME = AppIcon;
				CODE_SIGN_ENTITLEMENTS = "image-classifier-app/image_classifier_app.entitlements";
				CODE_SIGN_STYLE = Automatic;
				COMBINE_HIDPI_IMAGES = YES;
				DEVELOPMENT_TEAM = 737938SPC8;
				ENABLE_HARDENED_RUNTIME = YES;
				INFOPLIST_FILE = "image-classifier-app/Info.plist";
				LD_RUNPATH_SEARCH_PATHS = (
					"$(inherited)",
					"@executable_path/../Frameworks",
				);
				PRODUCT_BUNDLE_IDENTIFIER = "jp.com.example.image-classifier-app";
				PRODUCT_NAME = "$(TARGET_NAME)";
				SWIFT_VERSION = 5.0;
			};
			name = Debug;
		};
		EDF56AA1233F711200A1019F /* Release */ = {
			isa = XCBuildConfiguration;
			baseConfigurationReference = CC1A393018D53D7E56C2F1E9 /* Pods-image-classifier-app.release.xcconfig */;
			buildSettings = {
				ASSETCATALOG_COMPILER_APPICON_NAME = AppIcon;
				CODE_SIGN_ENTITLEMENTS = "image-classifier-app/image_classifier_app.entitlements";
				CODE_SIGN_STYLE = Automatic;
				COMBINE_HIDPI_IMAGES = YES;
				DEVELOPMENT_TEAM = 737938SPC8;
				ENABLE_HARDENED_RUNTIME = YES;
				INFOPLIST_FILE = "image-classifier-app/Info.plist";
				LD_RUNPATH_SEARCH_PATHS = (
					"$(inherited)",
					"@executable_path/../Frameworks",
				);
				PRODUCT_BUNDLE_IDENTIFIER = "jp.com.example.image-classifier-app";
				PRODUCT_NAME = "$(TARGET_NAME)";
				SWIFT_VERSION = 5.0;
			};
			name = Release;
		};
		EDF56AA3233F711200A1019F /* Debug */ = {
			isa = XCBuildConfiguration;
			baseConfigurationReference = AD6D020DE27899BD7B2F7879 /* Pods-image-classifier-appTests.debug.xcconfig */;
			buildSettings = {
				ALWAYS_EMBED_SWIFT_STANDARD_LIBRARIES = YES;
				BUNDLE_LOADER = "$(TEST_HOST)";
				CODE_SIGN_STYLE = Automatic;
				COMBINE_HIDPI_IMAGES = YES;
				DEVELOPMENT_TEAM = 737938SPC8;
				INFOPLIST_FILE = "image-classifier-appTests/Info.plist";
				LD_RUNPATH_SEARCH_PATHS = (
					"$(inherited)",
					"@executable_path/../Frameworks",
					"@loader_path/../Frameworks",
				);
				MACOSX_DEPLOYMENT_TARGET = 10.14;
				PRODUCT_BUNDLE_IDENTIFIER = "jp.com.example.image-classifier-appTests";
				PRODUCT_NAME = "$(TARGET_NAME)";
				SWIFT_VERSION = 5.0;
				TEST_HOST = "$(BUILT_PRODUCTS_DIR)/image-classifier-app.app/Contents/MacOS/image-classifier-app";
			};
			name = Debug;
		};
		EDF56AA4233F711200A1019F /* Release */ = {
			isa = XCBuildConfiguration;
			baseConfigurationReference = 2D141216921C775762248985 /* Pods-image-classifier-appTests.release.xcconfig */;
			buildSettings = {
				ALWAYS_EMBED_SWIFT_STANDARD_LIBRARIES = YES;
				BUNDLE_LOADER = "$(TEST_HOST)";
				CODE_SIGN_STYLE = Automatic;
				COMBINE_HIDPI_IMAGES = YES;
				DEVELOPMENT_TEAM = 737938SPC8;
				INFOPLIST_FILE = "image-classifier-appTests/Info.plist";
				LD_RUNPATH_SEARCH_PATHS = (
					"$(inherited)",
					"@executable_path/../Frameworks",
					"@loader_path/../Frameworks",
				);
				MACOSX_DEPLOYMENT_TARGET = 10.14;
				PRODUCT_BUNDLE_IDENTIFIER = "jp.com.example.image-classifier-appTests";
				PRODUCT_NAME = "$(TARGET_NAME)";
				SWIFT_VERSION = 5.0;
				TEST_HOST = "$(BUILT_PRODUCTS_DIR)/image-classifier-app.app/Contents/MacOS/image-classifier-app";
			};
			name = Release;
		};
/* End XCBuildConfiguration section */

/* Begin XCConfigurationList section */
		EDF56A7F233F710F00A1019F /* Build configuration list for PBXProject "image-classifier-app" */ = {
			isa = XCConfigurationList;
			buildConfigurations = (
				EDF56A9D233F711200A1019F /* Debug */,
				EDF56A9E233F711200A1019F /* Release */,
			);
			defaultConfigurationIsVisible = 0;
			defaultConfigurationName = Release;
		};
		EDF56A9F233F711200A1019F /* Build configuration list for PBXNativeTarget "image-classifier-app" */ = {
			isa = XCConfigurationList;
			buildConfigurations = (
				EDF56AA0233F711200A1019F /* Debug */,
				EDF56AA1233F711200A1019F /* Release */,
			);
			defaultConfigurationIsVisible = 0;
			defaultConfigurationName = Release;
		};
		EDF56AA2233F711200A1019F /* Build configuration list for PBXNativeTarget "image-classifier-appTests" */ = {
			isa = XCConfigurationList;
			buildConfigurations = (
				EDF56AA3233F711200A1019F /* Debug */,
				EDF56AA4233F711200A1019F /* Release */,
			);
			defaultConfigurationIsVisible = 0;
			defaultConfigurationName = Release;
		};
/* End XCConfigurationList section */
	};
	rootObject = EDF56A7C233F710F00A1019F /* Project object */;
}
